
Microsoft Visual Studio Solution File, Format Version 12.00
# Visual Studio Version 17
VisualStudioVersion = 17.0.31903.59
MinimumVisualStudioVersion = 10.0.40219.1
Project("{FAE04EC0-301F-11D3-BF4B-00C04F79EFBC}") = "AideMemoire", "AideMemoire\AideMemoire.csproj", "{4E07CBE4-E4C9-4949-94F1-12AA24EF6090}"
EndProject
Project("{FAE04EC0-301F-11D3-BF4B-00C04F79EFBC}") = "AideMemoire.Tests", "AideMemoire.Tests\AideMemoire.Tests.csproj", "{A0B2C30E-21D4-4405-9AEF-814A81207EDD}"
EndProject
Global
	GlobalSection(SolutionConfigurationPlatforms) = preSolution
		Debug|Any CPU = Debug|Any CPU
		Debug|x64 = Debug|x64
		Debug|x86 = Debug|x86
		Release|Any CPU = Release|Any CPU
		Release|x64 = Release|x64
		Release|x86 = Release|x86
	EndGlobalSection
	GlobalSection(ProjectConfigurationPlatforms) = postSolution
		{4E07CBE4-E4C9-4949-94F1-12AA24EF6090}.Debug|Any CPU.ActiveCfg = Debug|Any CPU
		{4E07CBE4-E4C9-4949-94F1-12AA24EF6090}.Debug|Any CPU.Build.0 = Debug|Any CPU
		{4E07CBE4-E4C9-4949-94F1-12AA24EF6090}.Debug|x64.ActiveCfg = Debug|Any CPU
		{4E07CBE4-E4C9-4949-94F1-12AA24EF6090}.Debug|x64.Build.0 = Debug|Any CPU
		{4E07CBE4-E4C9-4949-94F1-12AA24EF6090}.Debug|x86.ActiveCfg = Debug|Any CPU
		{4E07CBE4-E4C9-4949-94F1-12AA24EF6090}.Debug|x86.Build.0 = Debug|Any CPU
		{4E07CBE4-E4C9-4949-94F1-12AA24EF6090}.Release|Any CPU.ActiveCfg = Release|Any CPU
		{4E07CBE4-E4C9-4949-94F1-12AA24EF6090}.Release|Any CPU.Build.0 = Release|Any CPU
		{4E07CBE4-E4C9-4949-94F1-12AA24EF6090}.Release|x64.ActiveCfg = Release|Any CPU
		{4E07CBE4-E4C9-4949-94F1-12AA24EF6090}.Release|x64.Build.0 = Release|Any CPU
		{4E07CBE4-E4C9-4949-94F1-12AA24EF6090}.Release|x86.ActiveCfg = Release|Any CPU
		{4E07CBE4-E4C9-4949-94F1-12AA24EF6090}.Release|x86.Build.0 = Release|Any CPU
		{A0B2C30E-21D4-4405-9AEF-814A81207EDD}.Debug|Any CPU.ActiveCfg = Debug|Any CPU
		{A0B2C30E-21D4-4405-9AEF-814A81207EDD}.Debug|Any CPU.Build.0 = Debug|Any CPU
		{A0B2C30E-21D4-4405-9AEF-814A81207EDD}.Debug|x64.ActiveCfg = Debug|Any CPU
		{A0B2C30E-21D4-4405-9AEF-814A81207EDD}.Debug|x64.Build.0 = Debug|Any CPU
		{A0B2C30E-21D4-4405-9AEF-814A81207EDD}.Debug|x86.ActiveCfg = Debug|Any CPU
		{A0B2C30E-21D4-4405-9AEF-814A81207EDD}.Debug|x86.Build.0 = Debug|Any CPU
		{A0B2C30E-21D4-4405-9AEF-814A81207EDD}.Release|Any CPU.ActiveCfg = Release|Any CPU
		{A0B2C30E-21D4-4405-9AEF-814A81207EDD}.Release|Any CPU.Build.0 = Release|Any CPU
		{A0B2C30E-21D4-4405-9AEF-814A81207EDD}.Release|x64.ActiveCfg = Release|Any CPU
		{A0B2C30E-21D4-4405-9AEF-814A81207EDD}.Release|x64.Build.0 = Release|Any CPU
		{A0B2C30E-21D4-4405-9AEF-814A81207EDD}.Release|x86.ActiveCfg = Release|Any CPU
		{A0B2C30E-21D4-4405-9AEF-814A81207EDD}.Release|x86.Build.0 = Release|Any CPU
	EndGlobalSection
	GlobalSection(SolutionProperties) = preSolution
		HideSolutionNode = FALSE
	EndGlobalSection
EndGlobal
